
Microsoft Visual Studio Solution File, Format Version 12.00
# Visual Studio Version 17
VisualStudioVersion = 17.3.32922.545
MinimumVisualStudioVersion = 10.0.40219.1
Project("{888888A0-9F3D-457C-B088-3A5042F75D52}") = "Day 1 - Calorie Counting", "Day 1 - Elf Rations\Day 1 - Calorie Counting.pyproj", "{4A0BB3C9-994C-40D1-8AF4-0DD92D845AE4}"
EndProject
Project("{888888A0-9F3D-457C-B088-3A5042F75D52}") = "Day 2 - Rock Paper Scissors", "Day 2 - Rock Paper Scissors\Day 2 - Rock Paper Scissors.pyproj", "{02F3C486-1A26-4B94-8184-50FC09B4F4B6}"
EndProject
Global
	GlobalSection(SolutionConfigurationPlatforms) = preSolution
		Debug|Any CPU = Debug|Any CPU
		Release|Any CPU = Release|Any CPU
	EndGlobalSection
	GlobalSection(ProjectConfigurationPlatforms) = postSolution
		{4A0BB3C9-994C-40D1-8AF4-0DD92D845AE4}.Debug|Any CPU.ActiveCfg = Debug|Any CPU
		{4A0BB3C9-994C-40D1-8AF4-0DD92D845AE4}.Release|Any CPU.ActiveCfg = Release|Any CPU
		{02F3C486-1A26-4B94-8184-50FC09B4F4B6}.Debug|Any CPU.ActiveCfg = Debug|Any CPU
		{02F3C486-1A26-4B94-8184-50FC09B4F4B6}.Release|Any CPU.ActiveCfg = Release|Any CPU
	EndGlobalSection
	GlobalSection(SolutionProperties) = preSolution
		HideSolutionNode = FALSE
	EndGlobalSection
	GlobalSection(ExtensibilityGlobals) = postSolution
		SolutionGuid = {35718EC0-691B-4D4E-B1A4-047ACE514604}
	EndGlobalSection
EndGlobal
